
Microsoft Visual Studio Solution File, Format Version 12.00
# Visual Studio Version 16
VisualStudioVersion = 16.0.28803.202
MinimumVisualStudioVersion = 10.0.40219.1
Project("{9A19103F-16F7-4668-BE54-9A1E7A4F7556}") = "ProjA", "ProjA.csproj", "{9586A54C-F844-426B-A938-1125286F9979}"
EndProject
Project("{9A19103F-16F7-4668-BE54-9A1E7A4F7556}") = "ProjB", "ProjB.csproj", "{E9A4FCD8-1DC9-4E85-A5DC-A4664AD4D152}"
EndProject
Global
	GlobalSection(SolutionConfigurationPlatforms) = preSolution
		Debug|Any CPU = Debug|Any CPU
		Release|Any CPU = Release|Any CPU
	EndGlobalSection
	GlobalSection(ProjectConfigurationPlatforms) = postSolution
		{9586A54C-F844-426B-A938-1125286F9979}.Debug|Any CPU.ActiveCfg = Debug|Any CPU
		{9586A54C-F844-426B-A938-1125286F9979}.Debug|Any CPU.Build.0 = Debug|Any CPU
		{9586A54C-F844-426B-A938-1125286F9979}.Release|Any CPU.ActiveCfg = Release|Any CPU
		{9586A54C-F844-426B-A938-1125286F9979}.Release|Any CPU.Build.0 = Release|Any CPU
		{E9A4FCD8-1DC9-4E85-A5DC-A4664AD4D152}.Debug|Any CPU.ActiveCfg = Debug|Any CPU
		{E9A4FCD8-1DC9-4E85-A5DC-A4664AD4D152}.Debug|Any CPU.Build.0 = Debug|Any CPU
		{E9A4FCD8-1DC9-4E85-A5DC-A4664AD4D152}.Release|Any CPU.ActiveCfg = Release|Any CPU
		{E9A4FCD8-1DC9-4E85-A5DC-A4664AD4D152}.Release|Any CPU.Build.0 = Release|Any CPU
	EndGlobalSection
	GlobalSection(SolutionProperties) = preSolution
		HideSolutionNode = FALSE
	EndGlobalSection
	GlobalSection(ExtensibilityGlobals) = postSolution
		SolutionGuid = {DD50A347-FFE9-494A-9002-195725CC68F2}
	EndGlobalSection
EndGlobal
